github.com/davecgh/go-spew v1.1.0/go.mod h1:J7Y8YcW2NihsgmVo/mv3lAwl/skON4iLHjSsI+c5H38=
github.com/davecgh/go-spew v1.1.1 h1:vj9j/u1bqnvCEfJOwUhtlOARqs3+rkHYY13jYWTU97c=
github.com/davecgh/go-spew v1.1.1/go.mod h1:J7Y8YcW2NihsgmVo/mv3lAwl/skON4iLHjSsI+c5H38=
github.com/google/go-cmp v0.5.2/go.mod h1:v8dTdLbMG2kIc/vJvl+f65V22dbkXbowE6jgT/gNBxE=
github.com/google/go-cmp v0.5.8 h1:e6P7q2lk1O+qJJb4BtCQXlK8vWEO8V1ZeuEdJNOqZyg=
github.com/google/go-github/v45 v45.2.0 h1:5oRLszbrkvxDDqBCNj2hjDZMKmvexaZ1xw/FCD+K3FI=
github.com/google/go-github/v45 v45.2.0/go.mod h1:FObaZJEDSTa/WGCzZ2Z3eoCDXWJKMenWWTrd8jrta28=
github.com/google/go-querystring v1.1.0 h1:AnCroh3fv4ZBgVIf1Iwtovgjaw/GiKJo8M8yD/fhyJ8=
github.com/google/go-querystring v1.1.0/go.mod h1:Kcdr2DB4koayq7X8pmAG4sNG59So17icRSOU623lUBU=
github.com/maxmind/mmdbwriter v0.0.0-20230315153935-be21eaf06f90 h1:fIV2chPRjfSSJZJPF02UnmEhfampCNXPSDh8/JVCexM=
github.com/maxmind/mmdbwriter v0.0.0-20230315153935-be21eaf06f90/go.mod h1:OTBr647IJpdisFRbIxLiEFMVL/lcPrmwxsvEIa/RQ9k=
github.com/oschwald/geoip2-golang v1.8.0 h1:KfjYB8ojCEn/QLqsDU0AzrJ3R5Qa9vFlx3z6SLNcKTs=
github.com/oschwald/geoip2-golang v1.8.0/go.mod h1:R7bRvYjOeaoenAp9sKRS8GX5bJWcZ0laWO5+DauEktw=
github.com/oschwald/maxminddb-golang v1.10.0 h1:Xp1u0ZhqkSuopaKmk1WwHtjF0H9Hd9181uj2MQ5Vndg=
github.com/oschwald/maxminddb-golang v1.10.0/go.mod h1:Y2ELenReaLAZ0b400URyGwvYxHV1dLIxBuyOsyYjHK0=
github.com/pmezard/go-difflib v1.0.0 h1:4DBwDE0NGyQoBHbLQYPwSUPoCMWR5BEzIk/f1lZbAQM=
github.com/pmezard/go-difflib v1.0.0/go.mod h1:iKH77koFhYxTK1pcRnkKkqfTogsbg7gZNVY4sRDYZ/4=
github.com/sagernet/sing v0.2.0 h1:iyc4TaeXG5XYXixl48zSDDTw46C9NOEAVFq6ZE0dA2k=
github.com/sagernet/sing v0.2.0/go.mod h1:9uHswk2hITw8leDbiLS/xn0t9nzBcbePxzm9PJhwdlw=
github.com/sirupsen/logrus v1.9.0 h1:trlNQbNUG3OdDrDil03MCb1H2o9nJ1x4/5LYw7byDE0=
github.com/sirupsen/logrus v1.9.0/go.mod h1:naHLuLoDiP4jHNo9R0sCBMtWGeIprob74mVsIT4qYEQ=
github.com/stretchr/objx v0.1.0/go.mod h1:HFkY916IF+rwdDfMAkV7OtwuqBVzrE8GR6GFx+wExME=
github.com/stretchr/testify v1.7.0/go.mod h1:6Fq8oRcR53rry900zMqJjRRixrwX3KX962/h/Wwjteg=
github.com/stretchr/testify v1.8.2 h1:+h33VjcLVPDHtOdpUCuF+7gSuG3yGIftsP1YvFihtJ8=
go4.org/netipx v0.0.0-20230303233057-f1b76eb4bb35 h1:nJAwRlGWZZDOD+6wni9KVUNHMpHko/OnRwsrCYeAzPo=
go4.org/netipx v0.0.0-20230303233057-f1b76eb4bb35/go.mod h1:TQvodOM+hJTioNQJilmLXu08JNb8i+ccq418+KWu1/Y=
golang.org/x/crypto v0.7.0 h1:AvwMYaRytfdeVt3u6mLaxYtErKYjxA2OXjJ1HHq6t3A=
golang.org/x/crypto v0.7.0/go.mod h1:pYwdfH91IfpZVANVyUOhSIPZaFoJGxTFbZhFTx+dXZU=
golang.org/x/sys v0.0.0-20220715151400-c0bba94af5f8/go.mod h1:oPkhp1MJrh7nUepCBck5+mAzfO9JrbApNNgaTdGDITg=
golang.org/x/sys v0.6.0 h1:MVltZSvRTcU2ljQOhs94SXPftV6DCNnZViHeQps87pQ=
golang.org/x/sys v0.6.0/go.mod h1:oPkhp1MJrh7nUepCBck5+mAzfO9JrbApNNgaTdGDITg=
golang.org/x/xerrors v0.0.0-20191204190536-9bdfabe68543/go.mod h1:I/5z698sn9Ka8TeJc9MKroUUfqBBauWjQqLJ2OPfmY0=
gopkg.in/check.v1 v0.0.0-20161208181325-20d25e280405/go.mod h1:Co6ibVJAznAaIkqp8huTwlJQCZ016jof/cbN4VW5Yz0=
gopkg.in/yaml.v3 v3.0.0-20200313102051-9f266ea9e77c/go.mod h1:K4uyk7z7BCEPqu6E+C64Yfv1cQ7kz7rIZviUmN+EgEM=
gopkg.in/yaml.v3 v3.0.1 h1:fxVm/GzAzEWqLHuvctI91KS9hhNmmWOoWu0XTYJS7CA=
